
Microsoft Visual Studio Solution File, Format Version 12.00
# Visual Studio Version 17
VisualStudioVersion = 17.5.002.0
MinimumVisualStudioVersion = 10.0.40219.1
Project("{9A19103F-16F7-4668-BE54-9A1E7A4F7556}") = "Backend_Sabores_Autenticos", "Backend_Sabores_Autenticos.csproj", "{EFD54CE7-8809-4ACC-B95A-9011E1C361F3}"
EndProject
Global
	GlobalSection(SolutionConfigurationPlatforms) = preSolution
		Debug|Any CPU = Debug|Any CPU
		Release|Any CPU = Release|Any CPU
	EndGlobalSection
	GlobalSection(ProjectConfigurationPlatforms) = postSolution
		{EFD54CE7-8809-4ACC-B95A-9011E1C361F3}.Debug|Any CPU.ActiveCfg = Debug|Any CPU
		{EFD54CE7-8809-4ACC-B95A-9011E1C361F3}.Debug|Any CPU.Build.0 = Debug|Any CPU
		{EFD54CE7-8809-4ACC-B95A-9011E1C361F3}.Release|Any CPU.ActiveCfg = Release|Any CPU
		{EFD54CE7-8809-4ACC-B95A-9011E1C361F3}.Release|Any CPU.Build.0 = Release|Any CPU
	EndGlobalSection
	GlobalSection(SolutionProperties) = preSolution
		HideSolutionNode = FALSE
	EndGlobalSection
	GlobalSection(ExtensibilityGlobals) = postSolution
		SolutionGuid = {4593EFE0-9B18-42A3-8C20-99847A8B39BB}
	EndGlobalSection
EndGlobal
